
Microsoft Visual Studio Solution File, Format Version 12.00
# Visual Studio Version 16
VisualStudioVersion = 16.0.28315.86
MinimumVisualStudioVersion = 10.0.40219.1
Project("{9A19103F-16F7-4668-BE54-9A1E7A4F7556}") = "MakiseSharpServer.API", "MakiseSharpServer.API\MakiseSharpServer.API.csproj", "{57815F49-A07F-41BE-BBE1-638530B7FE16}"
EndProject
Project("{FAE04EC0-301F-11D3-BF4B-00C04F79EFBC}") = "MakiseSharpServer.Infrastructure", "MakiseSharpServer.Infrastructure\MakiseSharpServer.Infrastructure.csproj", "{A868F6B3-58DC-4580-94E4-18E4C681BA2A}"
EndProject
Project("{FAE04EC0-301F-11D3-BF4B-00C04F79EFBC}") = "MakiseSharpServer.Domain", "MakiseSharpServer.Domain\MakiseSharpServer.Domain.csproj", "{9B445DD1-BD36-42DB-AFD5-679D7CFC1F0B}"
EndProject
Project("{FAE04EC0-301F-11D3-BF4B-00C04F79EFBC}") = "MakiseSharpServer.Application", "MakiseSharpServer.Application\MakiseSharpServer.Application.csproj", "{509D7687-7A50-41D1-9781-9E8C85B759AD}"
EndProject
Project("{FAE04EC0-301F-11D3-BF4B-00C04F79EFBC}") = "MakiseSharpServer.Persistence", "MakiseSharpServer.Persistence\MakiseSharpServer.Persistence.csproj", "{CD15D377-B29D-4035-B50E-B77AFEBC3AC0}"
EndProject
Project("{FAE04EC0-301F-11D3-BF4B-00C04F79EFBC}") = "MakiseSharpServer.Common", "MakiseSharpServer.Common\MakiseSharpServer.Common.csproj", "{3AFDCEAD-449E-4E02-A8AB-B5689C51128C}"
EndProject
Global
	GlobalSection(SolutionConfigurationPlatforms) = preSolution
		Debug|Any CPU = Debug|Any CPU
		Release|Any CPU = Release|Any CPU
	EndGlobalSection
	GlobalSection(ProjectConfigurationPlatforms) = postSolution
		{57815F49-A07F-41BE-BBE1-638530B7FE16}.Debug|Any CPU.ActiveCfg = Debug|Any CPU
		{57815F49-A07F-41BE-BBE1-638530B7FE16}.Debug|Any CPU.Build.0 = Debug|Any CPU
		{57815F49-A07F-41BE-BBE1-638530B7FE16}.Release|Any CPU.ActiveCfg = Release|Any CPU
		{57815F49-A07F-41BE-BBE1-638530B7FE16}.Release|Any CPU.Build.0 = Release|Any CPU
		{A868F6B3-58DC-4580-94E4-18E4C681BA2A}.Debug|Any CPU.ActiveCfg = Debug|Any CPU
		{A868F6B3-58DC-4580-94E4-18E4C681BA2A}.Debug|Any CPU.Build.0 = Debug|Any CPU
		{A868F6B3-58DC-4580-94E4-18E4C681BA2A}.Release|Any CPU.ActiveCfg = Release|Any CPU
		{A868F6B3-58DC-4580-94E4-18E4C681BA2A}.Release|Any CPU.Build.0 = Release|Any CPU
		{9B445DD1-BD36-42DB-AFD5-679D7CFC1F0B}.Debug|Any CPU.ActiveCfg = Debug|Any CPU
		{9B445DD1-BD36-42DB-AFD5-679D7CFC1F0B}.Debug|Any CPU.Build.0 = Debug|Any CPU
		{9B445DD1-BD36-42DB-AFD5-679D7CFC1F0B}.Release|Any CPU.ActiveCfg = Release|Any CPU
		{9B445DD1-BD36-42DB-AFD5-679D7CFC1F0B}.Release|Any CPU.Build.0 = Release|Any CPU
		{509D7687-7A50-41D1-9781-9E8C85B759AD}.Debug|Any CPU.ActiveCfg = Debug|Any CPU
		{509D7687-7A50-41D1-9781-9E8C85B759AD}.Debug|Any CPU.Build.0 = Debug|Any CPU
		{509D7687-7A50-41D1-9781-9E8C85B759AD}.Release|Any CPU.ActiveCfg = Release|Any CPU
		{509D7687-7A50-41D1-9781-9E8C85B759AD}.Release|Any CPU.Build.0 = Release|Any CPU
		{CD15D377-B29D-4035-B50E-B77AFEBC3AC0}.Debug|Any CPU.ActiveCfg = Debug|Any CPU
		{CD15D377-B29D-4035-B50E-B77AFEBC3AC0}.Debug|Any CPU.Build.0 = Debug|Any CPU
		{CD15D377-B29D-4035-B50E-B77AFEBC3AC0}.Release|Any CPU.ActiveCfg = Release|Any CPU
		{CD15D377-B29D-4035-B50E-B77AFEBC3AC0}.Release|Any CPU.Build.0 = Release|Any CPU
		{3AFDCEAD-449E-4E02-A8AB-B5689C51128C}.Debug|Any CPU.ActiveCfg = Debug|Any CPU
		{3AFDCEAD-449E-4E02-A8AB-B5689C51128C}.Debug|Any CPU.Build.0 = Debug|Any CPU
		{3AFDCEAD-449E-4E02-A8AB-B5689C51128C}.Release|Any CPU.ActiveCfg = Release|Any CPU
		{3AFDCEAD-449E-4E02-A8AB-B5689C51128C}.Release|Any CPU.Build.0 = Release|Any CPU
	EndGlobalSection
	GlobalSection(SolutionProperties) = preSolution
		HideSolutionNode = FALSE
	EndGlobalSection
	GlobalSection(ExtensibilityGlobals) = postSolution
		SolutionGuid = {21BE6E2A-AE42-4E4C-AA31-497AFD6B0272}
	EndGlobalSection
EndGlobal
